// !$*UTF8*$!
{
	archiveVersion = 1;
	classes = {
	};
	objectVersion = 50;
	objects = {

/* Begin PBXBuildFile section */
		27536755246490AF008D1520 /* PokemonClassifier_1_copy.mlmodel in Sources */ = {isa = PBXBuildFile; fileRef = 27536754246490AF008D1520 /* PokemonClassifier_1_copy.mlmodel */; };
		2767036A245B4D6300A25B0A /* PokedexCollectionViewCell.swift in Sources */ = {isa = PBXBuildFile; fileRef = 27670369245B4D6300A25B0A /* PokedexCollectionViewCell.swift */; };
		2788FE0B245B4862002F165D /* PokedexViewController.swift in Sources */ = {isa = PBXBuildFile; fileRef = 2788FE0A245B4862002F165D /* PokedexViewController.swift */; };
		2788FE0D245B4876002F165D /* Pokedex.storyboard in Resources */ = {isa = PBXBuildFile; fileRef = 2788FE0C245B4876002F165D /* Pokedex.storyboard */; };
		2788FE10245B48C0002F165D /* PokemonDetailViewController.swift in Sources */ = {isa = PBXBuildFile; fileRef = 2788FE0F245B48C0002F165D /* PokemonDetailViewController.swift */; };
		2788FE12245B48C9002F165D /* PokemonDetail.storyboard in Resources */ = {isa = PBXBuildFile; fileRef = 2788FE11245B48C9002F165D /* PokemonDetail.storyboard */; };
		7FA362472458A841004BA5FF /* AppDelegate.swift in Sources */ = {isa = PBXBuildFile; fileRef = 7FA362462458A841004BA5FF /* AppDelegate.swift */; };
		7FA362492458A841004BA5FF /* SceneDelegate.swift in Sources */ = {isa = PBXBuildFile; fileRef = 7FA362482458A841004BA5FF /* SceneDelegate.swift */; };
		7FA3624B2458A841004BA5FF /* ViewController.swift in Sources */ = {isa = PBXBuildFile; fileRef = 7FA3624A2458A841004BA5FF /* ViewController.swift */; };
		7FA3624E2458A841004BA5FF /* Main.storyboard in Resources */ = {isa = PBXBuildFile; fileRef = 7FA3624C2458A841004BA5FF /* Main.storyboard */; };
		7FA362502458A842004BA5FF /* Assets.xcassets in Resources */ = {isa = PBXBuildFile; fileRef = 7FA3624F2458A842004BA5FF /* Assets.xcassets */; };
		7FA362532458A842004BA5FF /* LaunchScreen.storyboard in Resources */ = {isa = PBXBuildFile; fileRef = 7FA362512458A842004BA5FF /* LaunchScreen.storyboard */; };
		7FE03ED5245B650900EE7C3E /* Pokemon.swift in Sources */ = {isa = PBXBuildFile; fileRef = 7FE03ED4245B650900EE7C3E /* Pokemon.swift */; };
		7FE03ED8245B656900EE7C3E /* Service.swift in Sources */ = {isa = PBXBuildFile; fileRef = 7FE03ED7245B656900EE7C3E /* Service.swift */; };
		F2BDCD152460872300CFE20E /* Onboarding.storyboard in Resources */ = {isa = PBXBuildFile; fileRef = F2BDCD142460872300CFE20E /* Onboarding.storyboard */; };
		F2BDCD17246088C400CFE20E /* OnboardingViewController.swift in Sources */ = {isa = PBXBuildFile; fileRef = F2BDCD16246088C400CFE20E /* OnboardingViewController.swift */; };
		F2BDCD192462036E00CFE20E /* OnboardingView.xib in Resources */ = {isa = PBXBuildFile; fileRef = F2BDCD182462036E00CFE20E /* OnboardingView.xib */; };
		F2BDCD1B246203B000CFE20E /* OnboardingView.swift in Sources */ = {isa = PBXBuildFile; fileRef = F2BDCD1A246203B000CFE20E /* OnboardingView.swift */; };
		F2DF713524634221003C52B4 /* Camera.storyboard in Resources */ = {isa = PBXBuildFile; fileRef = F2DF713424634221003C52B4 /* Camera.storyboard */; };
		F2DF71372463435D003C52B4 /* CameraViewController.swift in Sources */ = {isa = PBXBuildFile; fileRef = F2DF71362463435D003C52B4 /* CameraViewController.swift */; };
/* End PBXBuildFile section */

/* Begin PBXFileReference section */
		27536754246490AF008D1520 /* PokemonClassifier_1_copy.mlmodel */ = {isa = PBXFileReference; lastKnownFileType = file.mlmodel; path = PokemonClassifier_1_copy.mlmodel; sourceTree = "<group>"; };
		27670369245B4D6300A25B0A /* PokedexCollectionViewCell.swift */ = {isa = PBXFileReference; lastKnownFileType = sourcecode.swift; path = PokedexCollectionViewCell.swift; sourceTree = "<group>"; };
		2788FE0A245B4862002F165D /* PokedexViewController.swift */ = {isa = PBXFileReference; lastKnownFileType = sourcecode.swift; path = PokedexViewController.swift; sourceTree = "<group>"; };
		2788FE0C245B4876002F165D /* Pokedex.storyboard */ = {isa = PBXFileReference; lastKnownFileType = file.storyboard; path = Pokedex.storyboard; sourceTree = "<group>"; };
		2788FE0F245B48C0002F165D /* PokemonDetailViewController.swift */ = {isa = PBXFileReference; lastKnownFileType = sourcecode.swift; path = PokemonDetailViewController.swift; sourceTree = "<group>"; };
		2788FE11245B48C9002F165D /* PokemonDetail.storyboard */ = {isa = PBXFileReference; lastKnownFileType = file.storyboard; path = PokemonDetail.storyboard; sourceTree = "<group>"; };
		7FA362432458A841004BA5FF /* MLProject.app */ = {isa = PBXFileReference; explicitFileType = wrapper.application; includeInIndex = 0; path = MLProject.app; sourceTree = BUILT_PRODUCTS_DIR; };
		7FA362462458A841004BA5FF /* AppDelegate.swift */ = {isa = PBXFileReference; lastKnownFileType = sourcecode.swift; path = AppDelegate.swift; sourceTree = "<group>"; };
		7FA362482458A841004BA5FF /* SceneDelegate.swift */ = {isa = PBXFileReference; lastKnownFileType = sourcecode.swift; path = SceneDelegate.swift; sourceTree = "<group>"; };
		7FA3624A2458A841004BA5FF /* ViewController.swift */ = {isa = PBXFileReference; lastKnownFileType = sourcecode.swift; path = ViewController.swift; sourceTree = "<group>"; };
		7FA3624D2458A841004BA5FF /* Base */ = {isa = PBXFileReference; lastKnownFileType = file.storyboard; name = Base; path = Base.lproj/Main.storyboard; sourceTree = "<group>"; };
		7FA3624F2458A842004BA5FF /* Assets.xcassets */ = {isa = PBXFileReference; lastKnownFileType = folder.assetcatalog; path = Assets.xcassets; sourceTree = "<group>"; };
		7FA362522458A842004BA5FF /* Base */ = {isa = PBXFileReference; lastKnownFileType = file.storyboard; name = Base; path = Base.lproj/LaunchScreen.storyboard; sourceTree = "<group>"; };
		7FA362542458A842004BA5FF /* Info.plist */ = {isa = PBXFileReference; lastKnownFileType = text.plist.xml; path = Info.plist; sourceTree = "<group>"; };
		7FE03ED4245B650900EE7C3E /* Pokemon.swift */ = {isa = PBXFileReference; lastKnownFileType = sourcecode.swift; path = Pokemon.swift; sourceTree = "<group>"; };
		7FE03ED7245B656900EE7C3E /* Service.swift */ = {isa = PBXFileReference; lastKnownFileType = sourcecode.swift; path = Service.swift; sourceTree = "<group>"; };
		F2BDCD142460872300CFE20E /* Onboarding.storyboard */ = {isa = PBXFileReference; lastKnownFileType = file.storyboard; path = Onboarding.storyboard; sourceTree = "<group>"; };
		F2BDCD16246088C400CFE20E /* OnboardingViewController.swift */ = {isa = PBXFileReference; lastKnownFileType = sourcecode.swift; path = OnboardingViewController.swift; sourceTree = "<group>"; };
		F2BDCD182462036E00CFE20E /* OnboardingView.xib */ = {isa = PBXFileReference; lastKnownFileType = file.xib; path = OnboardingView.xib; sourceTree = "<group>"; };
		F2BDCD1A246203B000CFE20E /* OnboardingView.swift */ = {isa = PBXFileReference; lastKnownFileType = sourcecode.swift; path = OnboardingView.swift; sourceTree = "<group>"; };
		F2DF713424634221003C52B4 /* Camera.storyboard */ = {isa = PBXFileReference; lastKnownFileType = file.storyboard; path = Camera.storyboard; sourceTree = "<group>"; };
		F2DF71362463435D003C52B4 /* CameraViewController.swift */ = {isa = PBXFileReference; lastKnownFileType = sourcecode.swift; path = CameraViewController.swift; sourceTree = "<group>"; };
/* End PBXFileReference section */

/* Begin PBXFrameworksBuildPhase section */
		7FA362402458A841004BA5FF /* Frameworks */ = {
			isa = PBXFrameworksBuildPhase;
			buildActionMask = 2147483647;
			files = (
			);
			runOnlyForDeploymentPostprocessing = 0;
		};
/* End PBXFrameworksBuildPhase section */

/* Begin PBXGroup section */
		27670368245B4D3700A25B0A /* Pokedex CollectionView Cell */ = {
			isa = PBXGroup;
			children = (
				27670369245B4D6300A25B0A /* PokedexCollectionViewCell.swift */,
			);
			path = "Pokedex CollectionView Cell";
			sourceTree = "<group>";
		};
		2788FE07245B4812002F165D /* Pokedex Screen */ = {
			isa = PBXGroup;
			children = (
				2788FE0C245B4876002F165D /* Pokedex.storyboard */,
				2788FE0A245B4862002F165D /* PokedexViewController.swift */,
				27670368245B4D3700A25B0A /* Pokedex CollectionView Cell */,
			);
			path = "Pokedex Screen";
			sourceTree = "<group>";
		};
		2788FE0E245B488B002F165D /* Pokemon Detail Screen */ = {
			isa = PBXGroup;
			children = (
				2788FE0F245B48C0002F165D /* PokemonDetailViewController.swift */,
				2788FE11245B48C9002F165D /* PokemonDetail.storyboard */,
			);
			path = "Pokemon Detail Screen";
			sourceTree = "<group>";
		};
		7FA3623A2458A841004BA5FF = {
			isa = PBXGroup;
			children = (
				7FA362452458A841004BA5FF /* MLProject */,
				7FA362442458A841004BA5FF /* Products */,
			);
			sourceTree = "<group>";
		};
		7FA362442458A841004BA5FF /* Products */ = {
			isa = PBXGroup;
			children = (
				7FA362432458A841004BA5FF /* MLProject.app */,
			);
			name = Products;
			sourceTree = "<group>";
		};
		7FA362452458A841004BA5FF /* MLProject */ = {
			isa = PBXGroup;
			children = (
				27536754246490AF008D1520 /* PokemonClassifier_1_copy.mlmodel */,
				7FA362462458A841004BA5FF /* AppDelegate.swift */,
				7FA362482458A841004BA5FF /* SceneDelegate.swift */,
				7FA3624A2458A841004BA5FF /* ViewController.swift */,
				7FA3624C2458A841004BA5FF /* Main.storyboard */,
				2788FE07245B4812002F165D /* Pokedex Screen */,
				2788FE0E245B488B002F165D /* Pokemon Detail Screen */,
				7FA3624F2458A842004BA5FF /* Assets.xcassets */,
				7FA362512458A842004BA5FF /* LaunchScreen.storyboard */,
				7FA362542458A842004BA5FF /* Info.plist */,
				7FE03ED4245B650900EE7C3E /* Pokemon.swift */,
				7FE03ED6245B656200EE7C3E /* Service */,
				F2BDCD142460872300CFE20E /* Onboarding.storyboard */,
				F2BDCD16246088C400CFE20E /* OnboardingViewController.swift */,
				F2BDCD182462036E00CFE20E /* OnboardingView.xib */,
				F2BDCD1A246203B000CFE20E /* OnboardingView.swift */,
				F2DF713424634221003C52B4 /* Camera.storyboard */,
				F2DF71362463435D003C52B4 /* CameraViewController.swift */,
			);
			path = MLProject;
			sourceTree = "<group>";
		};
		7FE03ED6245B656200EE7C3E /* Service */ = {
			isa = PBXGroup;
			children = (
				7FE03ED7245B656900EE7C3E /* Service.swift */,
			);
			path = Service;
			sourceTree = "<group>";
		};
/* End PBXGroup section */

/* Begin PBXNativeTarget section */
		7FA362422458A841004BA5FF /* MLProject */ = {
			isa = PBXNativeTarget;
			buildConfigurationList = 7FA362572458A842004BA5FF /* Build configuration list for PBXNativeTarget "MLProject" */;
			buildPhases = (
				7FA3623F2458A841004BA5FF /* Sources */,
				7FA362402458A841004BA5FF /* Frameworks */,
				7FA362412458A841004BA5FF /* Resources */,
			);
			buildRules = (
			);
			dependencies = (
			);
			name = MLProject;
			productName = MLProject;
			productReference = 7FA362432458A841004BA5FF /* MLProject.app */;
			productType = "com.apple.product-type.application";
		};
/* End PBXNativeTarget section */

/* Begin PBXProject section */
		7FA3623B2458A841004BA5FF /* Project object */ = {
			isa = PBXProject;
			attributes = {
				LastSwiftUpdateCheck = 1130;
				LastUpgradeCheck = 1130;
				ORGANIZATIONNAME = "Eduardo Sarmanho";
				TargetAttributes = {
					7FA362422458A841004BA5FF = {
						CreatedOnToolsVersion = 11.3.1;
					};
				};
			};
			buildConfigurationList = 7FA3623E2458A841004BA5FF /* Build configuration list for PBXProject "MLProject" */;
			compatibilityVersion = "Xcode 9.3";
			developmentRegion = en;
			hasScannedForEncodings = 0;
			knownRegions = (
				en,
				Base,
			);
			mainGroup = 7FA3623A2458A841004BA5FF;
			productRefGroup = 7FA362442458A841004BA5FF /* Products */;
			projectDirPath = "";
			projectRoot = "";
			targets = (
				7FA362422458A841004BA5FF /* MLProject */,
			);
		};
/* End PBXProject section */

/* Begin PBXResourcesBuildPhase section */
		7FA362412458A841004BA5FF /* Resources */ = {
			isa = PBXResourcesBuildPhase;
			buildActionMask = 2147483647;
			files = (
				7FA362532458A842004BA5FF /* LaunchScreen.storyboard in Resources */,
				2788FE0D245B4876002F165D /* Pokedex.storyboard in Resources */,
				F2BDCD192462036E00CFE20E /* OnboardingView.xib in Resources */,
				7FA362502458A842004BA5FF /* Assets.xcassets in Resources */,
				2788FE12245B48C9002F165D /* PokemonDetail.storyboard in Resources */,
				7FA3624E2458A841004BA5FF /* Main.storyboard in Resources */,
				F2DF713524634221003C52B4 /* Camera.storyboard in Resources */,
				F2BDCD152460872300CFE20E /* Onboarding.storyboard in Resources */,
			);
			runOnlyForDeploymentPostprocessing = 0;
		};
/* End PBXResourcesBuildPhase section */

/* Begin PBXSourcesBuildPhase section */
		7FA3623F2458A841004BA5FF /* Sources */ = {
			isa = PBXSourcesBuildPhase;
			buildActionMask = 2147483647;
			files = (
				F2DF71372463435D003C52B4 /* CameraViewController.swift in Sources */,
				7FA3624B2458A841004BA5FF /* ViewController.swift in Sources */,
				F2BDCD17246088C400CFE20E /* OnboardingViewController.swift in Sources */,
				7FE03ED5245B650900EE7C3E /* Pokemon.swift in Sources */,
				7FE03ED8245B656900EE7C3E /* Service.swift in Sources */,
				27536755246490AF008D1520 /* PokemonClassifier_1_copy.mlmodel in Sources */,
				2788FE0B245B4862002F165D /* PokedexViewController.swift in Sources */,
				2788FE10245B48C0002F165D /* PokemonDetailViewController.swift in Sources */,
				7FA362472458A841004BA5FF /* AppDelegate.swift in Sources */,
				7FA362492458A841004BA5FF /* SceneDelegate.swift in Sources */,
				2767036A245B4D6300A25B0A /* PokedexCollectionViewCell.swift in Sources */,
				F2BDCD1B246203B000CFE20E /* OnboardingView.swift in Sources */,
			);
			runOnlyForDeploymentPostprocessing = 0;
		};
/* End PBXSourcesBuildPhase section */

/* Begin PBXVariantGroup section */
		7FA3624C2458A841004BA5FF /* Main.storyboard */ = {
			isa = PBXVariantGroup;
			children = (
				7FA3624D2458A841004BA5FF /* Base */,
			);
			name = Main.storyboard;
			sourceTree = "<group>";
		};
		7FA362512458A842004BA5FF /* LaunchScreen.storyboard */ = {
			isa = PBXVariantGroup;
			children = (
				7FA362522458A842004BA5FF /* Base */,
			);
			name = LaunchScreen.storyboard;
			sourceTree = "<group>";
		};
/* End PBXVariantGroup section */

/* Begin XCBuildConfiguration section */
		7FA362552458A842004BA5FF /* Debug */ = {
			isa = XCBuildConfiguration;
			buildSettings = {
				ALWAYS_SEARCH_USER_PATHS = NO;
				CLANG_ANALYZER_NONNULL = YES;
				CLANG_ANALYZER_NUMBER_OBJECT_CONVERSION = YES_AGGRESSIVE;
				CLANG_CXX_LANGUAGE_STANDARD = "gnu++14";
				CLANG_CXX_LIBRARY = "libc++";
				CLANG_ENABLE_MODULES = YES;
				CLANG_ENABLE_OBJC_ARC = YES;
				CLANG_ENABLE_OBJC_WEAK = YES;
				CLANG_WARN_BLOCK_CAPTURE_AUTORELEASING = YES;
				CLANG_WARN_BOOL_CONVERSION = YES;
				CLANG_WARN_COMMA = YES;
				CLANG_WARN_CONSTANT_CONVERSION = YES;
				CLANG_WARN_DEPRECATED_OBJC_IMPLEMENTATIONS = YES;
				CLANG_WARN_DIRECT_OBJC_ISA_USAGE = YES_ERROR;
				CLANG_WARN_DOCUMENTATION_COMMENTS = YES;
				CLANG_WARN_EMPTY_BODY = YES;
				CLANG_WARN_ENUM_CONVERSION = YES;
				CLANG_WARN_INFINITE_RECURSION = YES;
				CLANG_WARN_INT_CONVERSION = YES;
				CLANG_WARN_NON_LITERAL_NULL_CONVERSION = YES;
				CLANG_WARN_OBJC_IMPLICIT_RETAIN_SELF = YES;
				CLANG_WARN_OBJC_LITERAL_CONVERSION = YES;
				CLANG_WARN_OBJC_ROOT_CLASS = YES_ERROR;
				CLANG_WARN_RANGE_LOOP_ANALYSIS = YES;
				CLANG_WARN_STRICT_PROTOTYPES = YES;
				CLANG_WARN_SUSPICIOUS_MOVE = YES;
				CLANG_WARN_UNGUARDED_AVAILABILITY = YES_AGGRESSIVE;
				CLANG_WARN_UNREACHABLE_CODE = YES;
				CLANG_WARN__DUPLICATE_METHOD_MATCH = YES;
				COPY_PHASE_STRIP = NO;
				DEBUG_INFORMATION_FORMAT = dwarf;
				ENABLE_STRICT_OBJC_MSGSEND = YES;
				ENABLE_TESTABILITY = YES;
				GCC_C_LANGUAGE_STANDARD = gnu11;
				GCC_DYNAMIC_NO_PIC = NO;
				GCC_NO_COMMON_BLOCKS = YES;
				GCC_OPTIMIZATION_LEVEL = 0;
				GCC_PREPROCESSOR_DEFINITIONS = (
					"DEBUG=1",
					"$(inherited)",
				);
				GCC_WARN_64_TO_32_BIT_CONVERSION = YES;
				GCC_WARN_ABOUT_RETURN_TYPE = YES_ERROR;
				GCC_WARN_UNDECLARED_SELECTOR = YES;
				GCC_WARN_UNINITIALIZED_AUTOS = YES_AGGRESSIVE;
				GCC_WARN_UNUSED_FUNCTION = YES;
				GCC_WARN_UNUSED_VARIABLE = YES;
				IPHONEOS_DEPLOYMENT_TARGET = 13.2;
				MTL_ENABLE_DEBUG_INFO = INCLUDE_SOURCE;
				MTL_FAST_MATH = YES;
				ONLY_ACTIVE_ARCH = YES;
				SDKROOT = iphoneos;
				SWIFT_ACTIVE_COMPILATION_CONDITIONS = DEBUG;
				SWIFT_OPTIMIZATION_LEVEL = "-Onone";
			};
			name = Debug;
		};
		7FA362562458A842004BA5FF /* Release */ = {
			isa = XCBuildConfiguration;
			buildSettings = {
				ALWAYS_SEARCH_USER_PATHS = NO;
				CLANG_ANALYZER_NONNULL = YES;
				CLANG_ANALYZER_NUMBER_OBJECT_CONVERSION = YES_AGGRESSIVE;
				CLANG_CXX_LANGUAGE_STANDARD = "gnu++14";
				CLANG_CXX_LIBRARY = "libc++";
				CLANG_ENABLE_MODULES = YES;
				CLANG_ENABLE_OBJC_ARC = YES;
				CLANG_ENABLE_OBJC_WEAK = YES;
				CLANG_WARN_BLOCK_CAPTURE_AUTORELEASING = YES;
				CLANG_WARN_BOOL_CONVERSION = YES;
				CLANG_WARN_COMMA = YES;
				CLANG_WARN_CONSTANT_CONVERSION = YES;
				CLANG_WARN_DEPRECATED_OBJC_IMPLEMENTATIONS = YES;
				CLANG_WARN_DIRECT_OBJC_ISA_USAGE = YES_ERROR;
				CLANG_WARN_DOCUMENTATION_COMMENTS = YES;
				CLANG_WARN_EMPTY_BODY = YES;
				CLANG_WARN_ENUM_CONVERSION = YES;
				CLANG_WARN_INFINITE_RECURSION = YES;
				CLANG_WARN_INT_CONVERSION = YES;
				CLANG_WARN_NON_LITERAL_NULL_CONVERSION = YES;
				CLANG_WARN_OBJC_IMPLICIT_RETAIN_SELF = YES;
				CLANG_WARN_OBJC_LITERAL_CONVERSION = YES;
				CLANG_WARN_OBJC_ROOT_CLASS = YES_ERROR;
				CLANG_WARN_RANGE_LOOP_ANALYSIS = YES;
				CLANG_WARN_STRICT_PROTOTYPES = YES;
				CLANG_WARN_SUSPICIOUS_MOVE = YES;
				CLANG_WARN_UNGUARDED_AVAILABILITY = YES_AGGRESSIVE;
				CLANG_WARN_UNREACHABLE_CODE = YES;
				CLANG_WARN__DUPLICATE_METHOD_MATCH = YES;
				COPY_PHASE_STRIP = NO;
				DEBUG_INFORMATION_FORMAT = "dwarf-with-dsym";
				ENABLE_NS_ASSERTIONS = NO;
				ENABLE_STRICT_OBJC_MSGSEND = YES;
				GCC_C_LANGUAGE_STANDARD = gnu11;
				GCC_NO_COMMON_BLOCKS = YES;
				GCC_WARN_64_TO_32_BIT_CONVERSION = YES;
				GCC_WARN_ABOUT_RETURN_TYPE = YES_ERROR;
				GCC_WARN_UNDECLARED_SELECTOR = YES;
				GCC_WARN_UNINITIALIZED_AUTOS = YES_AGGRESSIVE;
				GCC_WARN_UNUSED_FUNCTION = YES;
				GCC_WARN_UNUSED_VARIABLE = YES;
				IPHONEOS_DEPLOYMENT_TARGET = 13.2;
				MTL_ENABLE_DEBUG_INFO = NO;
				MTL_FAST_MATH = YES;
				SDKROOT = iphoneos;
				SWIFT_COMPILATION_MODE = wholemodule;
				SWIFT_OPTIMIZATION_LEVEL = "-O";
				VALIDATE_PRODUCT = YES;
			};
			name = Release;
		};
		7FA362582458A842004BA5FF /* Debug */ = {
			isa = XCBuildConfiguration;
			buildSettings = {
				ASSETCATALOG_COMPILER_APPICON_NAME = AppIcon;
				CODE_SIGN_STYLE = Automatic;
				DEVELOPMENT_TEAM = X7GM9H5PAT;
				INFOPLIST_FILE = MLProject/Info.plist;
				LD_RUNPATH_SEARCH_PATHS = (
					"$(inherited)",
					"@executable_path/Frameworks",
				);
				PRODUCT_BUNDLE_IDENTIFIER = com.moviecatalogo.MLProject;
				PRODUCT_NAME = "$(TARGET_NAME)";
				SWIFT_VERSION = 5.0;
				TARGETED_DEVICE_FAMILY = "1,2";
			};
			name = Debug;
		};
		7FA362592458A842004BA5FF /* Release */ = {
			isa = XCBuildConfiguration;
			buildSettings = {
				ASSETCATALOG_COMPILER_APPICON_NAME = AppIcon;
				CODE_SIGN_STYLE = Automatic;
				DEVELOPMENT_TEAM = X7GM9H5PAT;
				INFOPLIST_FILE = MLProject/Info.plist;
				LD_RUNPATH_SEARCH_PATHS = (
					"$(inherited)",
					"@executable_path/Frameworks",
				);
				PRODUCT_BUNDLE_IDENTIFIER = com.moviecatalogo.MLProject;
				PRODUCT_NAME = "$(TARGET_NAME)";
				SWIFT_VERSION = 5.0;
				TARGETED_DEVICE_FAMILY = "1,2";
			};
			name = Release;
		};
/* End XCBuildConfiguration section */

/* Begin XCConfigurationList section */
		7FA3623E2458A841004BA5FF /* Build configuration list for PBXProject "MLProject" */ = {
			isa = XCConfigurationList;
			buildConfigurations = (
				7FA362552458A842004BA5FF /* Debug */,
				7FA362562458A842004BA5FF /* Release */,
			);
			defaultConfigurationIsVisible = 0;
			defaultConfigurationName = Release;
		};
		7FA362572458A842004BA5FF /* Build configuration list for PBXNativeTarget "MLProject" */ = {
			isa = XCConfigurationList;
			buildConfigurations = (
				7FA362582458A842004BA5FF /* Debug */,
				7FA362592458A842004BA5FF /* Release */,
			);
			defaultConfigurationIsVisible = 0;
			defaultConfigurationName = Release;
		};
/* End XCConfigurationList section */
	};
	rootObject = 7FA3623B2458A841004BA5FF /* Project object */;
}
